<?xml version="1.0" encoding="UTF-8" standalone="yes" ?>
<CodeBlocks_project_file>
   <FileVersion major="1" minor="6" />
   <Project>
      <Option title="BlockEditor" />
      <Option makefile_is_custom="1" />
      <Option compiler="gcc" />
      <Option virtualFolders="CMake Files\;CMake Files\CMake\;CMake Files\..\;CMake Files\..\..\;CMake Files\..\..\..\;CMake Files\..\..\..\..\;CMake Files\..\..\..\..\..\;CMake Files\..\..\..\..\..\..\;CMake Files\..\..\..\..\..\..\..\;CMake Files\..\..\..\..\..\..\..\..\;CMake Files\..\..\..\..\..\..\..\..\usr\;CMake Files\..\..\..\..\..\..\..\..\usr\lib64\;CMake Files\..\..\..\..\..\..\..\..\usr\lib64\cmake\;CMake Files\..\..\..\..\..\..\..\..\usr\lib64\cmake\Qt5Widgets\;CMake Files\..\..\..\..\..\..\..\..\usr\lib64\cmake\Qt5Gui\;CMake Files\..\..\..\..\..\..\..\..\usr\lib64\cmake\Qt5Core\;" />
      <Build>
      <Target title="all">
         <Option working_dir="/home/emjay/Documents/school/2_ING/DP/coding/BlockEditor2_mmcontext" />
         <Option type="4" />
         <MakeCommands>
            <Build command="/usr/bin/make -f &quot;/home/emjay/Documents/school/2_ING/DP/coding/BlockEditor2_mmcontext/Makefile&quot;  VERBOSE=1 all" />
            <CompileFile command="/usr/bin/make -f &quot;/home/emjay/Documents/school/2_ING/DP/coding/BlockEditor2_mmcontext/Makefile&quot;  VERBOSE=1 &quot;$file&quot;" />
            <Clean command="/usr/bin/make -f &quot;/home/emjay/Documents/school/2_ING/DP/coding/BlockEditor2_mmcontext/Makefile&quot;  VERBOSE=1 clean" />
            <DistClean command="/usr/bin/make -f &quot;/home/emjay/Documents/school/2_ING/DP/coding/BlockEditor2_mmcontext/Makefile&quot;  VERBOSE=1 clean" />
         </MakeCommands>
      </Target>
      <Target title="install">
         <Option working_dir="/home/emjay/Documents/school/2_ING/DP/coding/BlockEditor2_mmcontext" />
         <Option type="4" />
         <MakeCommands>
            <Build command="/usr/bin/make -f &quot;/home/emjay/Documents/school/2_ING/DP/coding/BlockEditor2_mmcontext/Makefile&quot;  VERBOSE=1 install" />
            <CompileFile command="/usr/bin/make -f &quot;/home/emjay/Documents/school/2_ING/DP/coding/BlockEditor2_mmcontext/Makefile&quot;  VERBOSE=1 &quot;$file&quot;" />
            <Clean command="/usr/bin/make -f &quot;/home/emjay/Documents/school/2_ING/DP/coding/BlockEditor2_mmcontext/Makefile&quot;  VERBOSE=1 clean" />
            <DistClean command="/usr/bin/make -f &quot;/home/emjay/Documents/school/2_ING/DP/coding/BlockEditor2_mmcontext/Makefile&quot;  VERBOSE=1 clean" />
         </MakeCommands>
      </Target>
      <Target title="edit_cache">
         <Option working_dir="/home/emjay/Documents/school/2_ING/DP/coding/BlockEditor2_mmcontext" />
         <Option type="4" />
         <MakeCommands>
            <Build command="/usr/bin/make -f &quot;/home/emjay/Documents/school/2_ING/DP/coding/BlockEditor2_mmcontext/Makefile&quot;  VERBOSE=1 edit_cache" />
            <CompileFile command="/usr/bin/make -f &quot;/home/emjay/Documents/school/2_ING/DP/coding/BlockEditor2_mmcontext/Makefile&quot;  VERBOSE=1 &quot;$file&quot;" />
            <Clean command="/usr/bin/make -f &quot;/home/emjay/Documents/school/2_ING/DP/coding/BlockEditor2_mmcontext/Makefile&quot;  VERBOSE=1 clean" />
            <DistClean command="/usr/bin/make -f &quot;/home/emjay/Documents/school/2_ING/DP/coding/BlockEditor2_mmcontext/Makefile&quot;  VERBOSE=1 clean" />
         </MakeCommands>
      </Target>
      <Target title="clean_cotire">
         <Option working_dir="/home/emjay/Documents/school/2_ING/DP/coding/BlockEditor2_mmcontext" />
         <Option type="4" />
         <MakeCommands>
            <Build command="/usr/bin/make -f &quot;/home/emjay/Documents/school/2_ING/DP/coding/BlockEditor2_mmcontext/Makefile&quot;  VERBOSE=1 clean_cotire" />
            <CompileFile command="/usr/bin/make -f &quot;/home/emjay/Documents/school/2_ING/DP/coding/BlockEditor2_mmcontext/Makefile&quot;  VERBOSE=1 &quot;$file&quot;" />
            <Clean command="/usr/bin/make -f &quot;/home/emjay/Documents/school/2_ING/DP/coding/BlockEditor2_mmcontext/Makefile&quot;  VERBOSE=1 clean" />
            <DistClean command="/usr/bin/make -f &quot;/home/emjay/Documents/school/2_ING/DP/coding/BlockEditor2_mmcontext/Makefile&quot;  VERBOSE=1 clean" />
         </MakeCommands>
      </Target>
      <Target title="all_unity">
         <Option working_dir="/home/emjay/Documents/school/2_ING/DP/coding/BlockEditor2_mmcontext" />
         <Option type="4" />
         <MakeCommands>
            <Build command="/usr/bin/make -f &quot;/home/emjay/Documents/school/2_ING/DP/coding/BlockEditor2_mmcontext/Makefile&quot;  VERBOSE=1 all_unity" />
            <CompileFile command="/usr/bin/make -f &quot;/home/emjay/Documents/school/2_ING/DP/coding/BlockEditor2_mmcontext/Makefile&quot;  VERBOSE=1 &quot;$file&quot;" />
            <Clean command="/usr/bin/make -f &quot;/home/emjay/Documents/school/2_ING/DP/coding/BlockEditor2_mmcontext/Makefile&quot;  VERBOSE=1 clean" />
            <DistClean command="/usr/bin/make -f &quot;/home/emjay/Documents/school/2_ING/DP/coding/BlockEditor2_mmcontext/Makefile&quot;  VERBOSE=1 clean" />
         </MakeCommands>
      </Target>
      <Target title="install/local">
         <Option working_dir="/home/emjay/Documents/school/2_ING/DP/coding/BlockEditor2_mmcontext" />
         <Option type="4" />
         <MakeCommands>
            <Build command="/usr/bin/make -f &quot;/home/emjay/Documents/school/2_ING/DP/coding/BlockEditor2_mmcontext/Makefile&quot;  VERBOSE=1 install/local" />
            <CompileFile command="/usr/bin/make -f &quot;/home/emjay/Documents/school/2_ING/DP/coding/BlockEditor2_mmcontext/Makefile&quot;  VERBOSE=1 &quot;$file&quot;" />
            <Clean command="/usr/bin/make -f &quot;/home/emjay/Documents/school/2_ING/DP/coding/BlockEditor2_mmcontext/Makefile&quot;  VERBOSE=1 clean" />
            <DistClean command="/usr/bin/make -f &quot;/home/emjay/Documents/school/2_ING/DP/coding/BlockEditor2_mmcontext/Makefile&quot;  VERBOSE=1 clean" />
         </MakeCommands>
      </Target>
      <Target title="BlockEditor_unity">
         <Option output="/home/emjay/Documents/school/2_ING/DP/coding/BlockEditor2_mmcontext/BlockEditor" prefix_auto="0" extension_auto="0" />
         <Option working_dir="/home/emjay/Documents/school/2_ING/DP/coding/BlockEditor2_mmcontext" />
         <Option object_output="./" />
         <Option type="1" />
         <Option compiler="gcc" />
         <Compiler>
            <Add option="-DQT_WIDGETS_LIB" />
            <Add option="-DQT_GUI_LIB" />
            <Add option="-DQT_CORE_LIB" />
            <Add directory="/home/emjay/Documents/school/2_ING/DP/coding/BlockEditor2_mmcontext" />
            <Add directory="/home/emjay/Documents/school/2_ING/DP/coding/BlockEditor2_mmcontext/include" />
            <Add directory="/home/emjay/Documents/school/2_ING/DP/coding/BlockEditor2_mmcontext/libs/LuaState/include" />
            <Add directory="/usr/include" />
            <Add directory="/usr/include/luajit-2.0" />
            <Add directory="/usr/include/qt" />
            <Add directory="/usr/include/qt/QtCore" />
            <Add directory="/usr/include/qt/QtGui" />
            <Add directory="/usr/include/qt/QtWidgets" />
            <Add directory="/usr/lib/gcc/x86_64-unknown-linux-gnu/5.1.0/../../../../include/c++/5.1.0" />
            <Add directory="/usr/lib/gcc/x86_64-unknown-linux-gnu/5.1.0/../../../../include/c++/5.1.0/backward" />
            <Add directory="/usr/lib/gcc/x86_64-unknown-linux-gnu/5.1.0/../../../../include/c++/5.1.0/x86_64-unknown-linux-gnu" />
            <Add directory="/usr/lib/gcc/x86_64-unknown-linux-gnu/5.1.0/include" />
            <Add directory="/usr/lib/gcc/x86_64-unknown-linux-gnu/5.1.0/include-fixed" />
            <Add directory="/usr/lib/qt/mkspecs/linux-g++" />
            <Add directory="/usr/local/include" />
         </Compiler>
         <MakeCommands>
            <Build command="/usr/bin/make -f &quot;/home/emjay/Documents/school/2_ING/DP/coding/BlockEditor2_mmcontext/Makefile&quot;  VERBOSE=1 BlockEditor_unity" />
            <CompileFile command="/usr/bin/make -f &quot;/home/emjay/Documents/school/2_ING/DP/coding/BlockEditor2_mmcontext/Makefile&quot;  VERBOSE=1 &quot;$file&quot;" />
            <Clean command="/usr/bin/make -f &quot;/home/emjay/Documents/school/2_ING/DP/coding/BlockEditor2_mmcontext/Makefile&quot;  VERBOSE=1 clean" />
            <DistClean command="/usr/bin/make -f &quot;/home/emjay/Documents/school/2_ING/DP/coding/BlockEditor2_mmcontext/Makefile&quot;  VERBOSE=1 clean" />
         </MakeCommands>
      </Target>
      <Target title="BlockEditor_unity/fast">
         <Option output="/home/emjay/Documents/school/2_ING/DP/coding/BlockEditor2_mmcontext/BlockEditor" prefix_auto="0" extension_auto="0" />
         <Option working_dir="/home/emjay/Documents/school/2_ING/DP/coding/BlockEditor2_mmcontext" />
         <Option object_output="./" />
         <Option type="1" />
         <Option compiler="gcc" />
         <Compiler>
            <Add option="-DQT_WIDGETS_LIB" />
            <Add option="-DQT_GUI_LIB" />
            <Add option="-DQT_CORE_LIB" />
            <Add directory="/home/emjay/Documents/school/2_ING/DP/coding/BlockEditor2_mmcontext" />
            <Add directory="/home/emjay/Documents/school/2_ING/DP/coding/BlockEditor2_mmcontext/include" />
            <Add directory="/home/emjay/Documents/school/2_ING/DP/coding/BlockEditor2_mmcontext/libs/LuaState/include" />
            <Add directory="/usr/include" />
            <Add directory="/usr/include/luajit-2.0" />
            <Add directory="/usr/include/qt" />
            <Add directory="/usr/include/qt/QtCore" />
            <Add directory="/usr/include/qt/QtGui" />
            <Add directory="/usr/include/qt/QtWidgets" />
            <Add directory="/usr/lib/gcc/x86_64-unknown-linux-gnu/5.1.0/../../../../include/c++/5.1.0" />
            <Add directory="/usr/lib/gcc/x86_64-unknown-linux-gnu/5.1.0/../../../../include/c++/5.1.0/backward" />
            <Add directory="/usr/lib/gcc/x86_64-unknown-linux-gnu/5.1.0/../../../../include/c++/5.1.0/x86_64-unknown-linux-gnu" />
            <Add directory="/usr/lib/gcc/x86_64-unknown-linux-gnu/5.1.0/include" />
            <Add directory="/usr/lib/gcc/x86_64-unknown-linux-gnu/5.1.0/include-fixed" />
            <Add directory="/usr/lib/qt/mkspecs/linux-g++" />
            <Add directory="/usr/local/include" />
         </Compiler>
         <MakeCommands>
            <Build command="/usr/bin/make -f &quot;/home/emjay/Documents/school/2_ING/DP/coding/BlockEditor2_mmcontext/Makefile&quot;  VERBOSE=1 BlockEditor_unity/fast" />
            <CompileFile command="/usr/bin/make -f &quot;/home/emjay/Documents/school/2_ING/DP/coding/BlockEditor2_mmcontext/Makefile&quot;  VERBOSE=1 &quot;$file&quot;" />
            <Clean command="/usr/bin/make -f &quot;/home/emjay/Documents/school/2_ING/DP/coding/BlockEditor2_mmcontext/Makefile&quot;  VERBOSE=1 clean" />
            <DistClean command="/usr/bin/make -f &quot;/home/emjay/Documents/school/2_ING/DP/coding/BlockEditor2_mmcontext/Makefile&quot;  VERBOSE=1 clean" />
         </MakeCommands>
      </Target>
      <Target title="BlockEditor">
         <Option output="/home/emjay/Documents/school/2_ING/DP/coding/BlockEditor2_mmcontext/BlockEditor" prefix_auto="0" extension_auto="0" />
         <Option working_dir="/home/emjay/Documents/school/2_ING/DP/coding/BlockEditor2_mmcontext" />
         <Option object_output="./" />
         <Option type="1" />
         <Option compiler="gcc" />
         <Compiler>
            <Add option="-DQT_WIDGETS_LIB" />
            <Add option="-DQT_GUI_LIB" />
            <Add option="-DQT_CORE_LIB" />
            <Add directory="/home/emjay/Documents/school/2_ING/DP/coding/BlockEditor2_mmcontext" />
            <Add directory="/home/emjay/Documents/school/2_ING/DP/coding/BlockEditor2_mmcontext/include" />
            <Add directory="/home/emjay/Documents/school/2_ING/DP/coding/BlockEditor2_mmcontext/libs/LuaState/include" />
            <Add directory="/usr/include" />
            <Add directory="/usr/include/luajit-2.0" />
            <Add directory="/usr/include/qt" />
            <Add directory="/usr/include/qt/QtCore" />
            <Add directory="/usr/include/qt/QtGui" />
            <Add directory="/usr/include/qt/QtWidgets" />
            <Add directory="/usr/lib/gcc/x86_64-unknown-linux-gnu/5.1.0/../../../../include/c++/5.1.0" />
            <Add directory="/usr/lib/gcc/x86_64-unknown-linux-gnu/5.1.0/../../../../include/c++/5.1.0/backward" />
            <Add directory="/usr/lib/gcc/x86_64-unknown-linux-gnu/5.1.0/../../../../include/c++/5.1.0/x86_64-unknown-linux-gnu" />
            <Add directory="/usr/lib/gcc/x86_64-unknown-linux-gnu/5.1.0/include" />
            <Add directory="/usr/lib/gcc/x86_64-unknown-linux-gnu/5.1.0/include-fixed" />
            <Add directory="/usr/lib/qt/mkspecs/linux-g++" />
            <Add directory="/usr/local/include" />
         </Compiler>
         <MakeCommands>
            <Build command="/usr/bin/make -f &quot;/home/emjay/Documents/school/2_ING/DP/coding/BlockEditor2_mmcontext/Makefile&quot;  VERBOSE=1 BlockEditor" />
            <CompileFile command="/usr/bin/make -f &quot;/home/emjay/Documents/school/2_ING/DP/coding/BlockEditor2_mmcontext/Makefile&quot;  VERBOSE=1 &quot;$file&quot;" />
            <Clean command="/usr/bin/make -f &quot;/home/emjay/Documents/school/2_ING/DP/coding/BlockEditor2_mmcontext/Makefile&quot;  VERBOSE=1 clean" />
            <DistClean command="/usr/bin/make -f &quot;/home/emjay/Documents/school/2_ING/DP/coding/BlockEditor2_mmcontext/Makefile&quot;  VERBOSE=1 clean" />
         </MakeCommands>
      </Target>
      <Target title="BlockEditor/fast">
         <Option output="/home/emjay/Documents/school/2_ING/DP/coding/BlockEditor2_mmcontext/BlockEditor" prefix_auto="0" extension_auto="0" />
         <Option working_dir="/home/emjay/Documents/school/2_ING/DP/coding/BlockEditor2_mmcontext" />
         <Option object_output="./" />
         <Option type="1" />
         <Option compiler="gcc" />
         <Compiler>
            <Add option="-DQT_WIDGETS_LIB" />
            <Add option="-DQT_GUI_LIB" />
            <Add option="-DQT_CORE_LIB" />
            <Add directory="/home/emjay/Documents/school/2_ING/DP/coding/BlockEditor2_mmcontext" />
            <Add directory="/home/emjay/Documents/school/2_ING/DP/coding/BlockEditor2_mmcontext/include" />
            <Add directory="/home/emjay/Documents/school/2_ING/DP/coding/BlockEditor2_mmcontext/libs/LuaState/include" />
            <Add directory="/usr/include" />
            <Add directory="/usr/include/luajit-2.0" />
            <Add directory="/usr/include/qt" />
            <Add directory="/usr/include/qt/QtCore" />
            <Add directory="/usr/include/qt/QtGui" />
            <Add directory="/usr/include/qt/QtWidgets" />
            <Add directory="/usr/lib/gcc/x86_64-unknown-linux-gnu/5.1.0/../../../../include/c++/5.1.0" />
            <Add directory="/usr/lib/gcc/x86_64-unknown-linux-gnu/5.1.0/../../../../include/c++/5.1.0/backward" />
            <Add directory="/usr/lib/gcc/x86_64-unknown-linux-gnu/5.1.0/../../../../include/c++/5.1.0/x86_64-unknown-linux-gnu" />
            <Add directory="/usr/lib/gcc/x86_64-unknown-linux-gnu/5.1.0/include" />
            <Add directory="/usr/lib/gcc/x86_64-unknown-linux-gnu/5.1.0/include-fixed" />
            <Add directory="/usr/lib/qt/mkspecs/linux-g++" />
            <Add directory="/usr/local/include" />
         </Compiler>
         <MakeCommands>
            <Build command="/usr/bin/make -f &quot;/home/emjay/Documents/school/2_ING/DP/coding/BlockEditor2_mmcontext/Makefile&quot;  VERBOSE=1 BlockEditor/fast" />
            <CompileFile command="/usr/bin/make -f &quot;/home/emjay/Documents/school/2_ING/DP/coding/BlockEditor2_mmcontext/Makefile&quot;  VERBOSE=1 &quot;$file&quot;" />
            <Clean command="/usr/bin/make -f &quot;/home/emjay/Documents/school/2_ING/DP/coding/BlockEditor2_mmcontext/Makefile&quot;  VERBOSE=1 clean" />
            <DistClean command="/usr/bin/make -f &quot;/home/emjay/Documents/school/2_ING/DP/coding/BlockEditor2_mmcontext/Makefile&quot;  VERBOSE=1 clean" />
         </MakeCommands>
      </Target>
      <Target title="rebuild_cache">
         <Option working_dir="/home/emjay/Documents/school/2_ING/DP/coding/BlockEditor2_mmcontext" />
         <Option type="4" />
         <MakeCommands>
            <Build command="/usr/bin/make -f &quot;/home/emjay/Documents/school/2_ING/DP/coding/BlockEditor2_mmcontext/Makefile&quot;  VERBOSE=1 rebuild_cache" />
            <CompileFile command="/usr/bin/make -f &quot;/home/emjay/Documents/school/2_ING/DP/coding/BlockEditor2_mmcontext/Makefile&quot;  VERBOSE=1 &quot;$file&quot;" />
            <Clean command="/usr/bin/make -f &quot;/home/emjay/Documents/school/2_ING/DP/coding/BlockEditor2_mmcontext/Makefile&quot;  VERBOSE=1 clean" />
            <DistClean command="/usr/bin/make -f &quot;/home/emjay/Documents/school/2_ING/DP/coding/BlockEditor2_mmcontext/Makefile&quot;  VERBOSE=1 clean" />
         </MakeCommands>
      </Target>
      <Target title="BlockEditor_pch">
         <Option working_dir="/home/emjay/Documents/school/2_ING/DP/coding/BlockEditor2_mmcontext" />
         <Option type="4" />
         <MakeCommands>
            <Build command="/usr/bin/make -f &quot;/home/emjay/Documents/school/2_ING/DP/coding/BlockEditor2_mmcontext/Makefile&quot;  VERBOSE=1 BlockEditor_pch" />
            <CompileFile command="/usr/bin/make -f &quot;/home/emjay/Documents/school/2_ING/DP/coding/BlockEditor2_mmcontext/Makefile&quot;  VERBOSE=1 &quot;$file&quot;" />
            <Clean command="/usr/bin/make -f &quot;/home/emjay/Documents/school/2_ING/DP/coding/BlockEditor2_mmcontext/Makefile&quot;  VERBOSE=1 clean" />
            <DistClean command="/usr/bin/make -f &quot;/home/emjay/Documents/school/2_ING/DP/coding/BlockEditor2_mmcontext/Makefile&quot;  VERBOSE=1 clean" />
         </MakeCommands>
      </Target>
      <Target title="install_unity">
         <Option working_dir="/home/emjay/Documents/school/2_ING/DP/coding/BlockEditor2_mmcontext" />
         <Option type="4" />
         <MakeCommands>
            <Build command="/usr/bin/make -f &quot;/home/emjay/Documents/school/2_ING/DP/coding/BlockEditor2_mmcontext/Makefile&quot;  VERBOSE=1 install_unity" />
            <CompileFile command="/usr/bin/make -f &quot;/home/emjay/Documents/school/2_ING/DP/coding/BlockEditor2_mmcontext/Makefile&quot;  VERBOSE=1 &quot;$file&quot;" />
            <Clean command="/usr/bin/make -f &quot;/home/emjay/Documents/school/2_ING/DP/coding/BlockEditor2_mmcontext/Makefile&quot;  VERBOSE=1 clean" />
            <DistClean command="/usr/bin/make -f &quot;/home/emjay/Documents/school/2_ING/DP/coding/BlockEditor2_mmcontext/Makefile&quot;  VERBOSE=1 clean" />
         </MakeCommands>
      </Target>
      <Target title="list_install_components">
         <Option working_dir="/home/emjay/Documents/school/2_ING/DP/coding/BlockEditor2_mmcontext" />
         <Option type="4" />
         <MakeCommands>
            <Build command="/usr/bin/make -f &quot;/home/emjay/Documents/school/2_ING/DP/coding/BlockEditor2_mmcontext/Makefile&quot;  VERBOSE=1 list_install_components" />
            <CompileFile command="/usr/bin/make -f &quot;/home/emjay/Documents/school/2_ING/DP/coding/BlockEditor2_mmcontext/Makefile&quot;  VERBOSE=1 &quot;$file&quot;" />
            <Clean command="/usr/bin/make -f &quot;/home/emjay/Documents/school/2_ING/DP/coding/BlockEditor2_mmcontext/Makefile&quot;  VERBOSE=1 clean" />
            <DistClean command="/usr/bin/make -f &quot;/home/emjay/Documents/school/2_ING/DP/coding/BlockEditor2_mmcontext/Makefile&quot;  VERBOSE=1 clean" />
         </MakeCommands>
      </Target>
      <Target title="install/strip">
         <Option working_dir="/home/emjay/Documents/school/2_ING/DP/coding/BlockEditor2_mmcontext" />
         <Option type="4" />
         <MakeCommands>
            <Build command="/usr/bin/make -f &quot;/home/emjay/Documents/school/2_ING/DP/coding/BlockEditor2_mmcontext/Makefile&quot;  VERBOSE=1 install/strip" />
            <CompileFile command="/usr/bin/make -f &quot;/home/emjay/Documents/school/2_ING/DP/coding/BlockEditor2_mmcontext/Makefile&quot;  VERBOSE=1 &quot;$file&quot;" />
            <Clean command="/usr/bin/make -f &quot;/home/emjay/Documents/school/2_ING/DP/coding/BlockEditor2_mmcontext/Makefile&quot;  VERBOSE=1 clean" />
            <DistClean command="/usr/bin/make -f &quot;/home/emjay/Documents/school/2_ING/DP/coding/BlockEditor2_mmcontext/Makefile&quot;  VERBOSE=1 clean" />
         </MakeCommands>
      </Target>
      <Target title="all_pch">
         <Option working_dir="/home/emjay/Documents/school/2_ING/DP/coding/BlockEditor2_mmcontext" />
         <Option type="4" />
         <MakeCommands>
            <Build command="/usr/bin/make -f &quot;/home/emjay/Documents/school/2_ING/DP/coding/BlockEditor2_mmcontext/Makefile&quot;  VERBOSE=1 all_pch" />
            <CompileFile command="/usr/bin/make -f &quot;/home/emjay/Documents/school/2_ING/DP/coding/BlockEditor2_mmcontext/Makefile&quot;  VERBOSE=1 &quot;$file&quot;" />
            <Clean command="/usr/bin/make -f &quot;/home/emjay/Documents/school/2_ING/DP/coding/BlockEditor2_mmcontext/Makefile&quot;  VERBOSE=1 clean" />
            <DistClean command="/usr/bin/make -f &quot;/home/emjay/Documents/school/2_ING/DP/coding/BlockEditor2_mmcontext/Makefile&quot;  VERBOSE=1 clean" />
         </MakeCommands>
      </Target>
      <Target title="BlockEditor_automoc">
         <Option working_dir="/home/emjay/Documents/school/2_ING/DP/coding/BlockEditor2_mmcontext" />
         <Option type="4" />
         <MakeCommands>
            <Build command="/usr/bin/make -f &quot;/home/emjay/Documents/school/2_ING/DP/coding/BlockEditor2_mmcontext/Makefile&quot;  VERBOSE=1 BlockEditor_automoc" />
            <CompileFile command="/usr/bin/make -f &quot;/home/emjay/Documents/school/2_ING/DP/coding/BlockEditor2_mmcontext/Makefile&quot;  VERBOSE=1 &quot;$file&quot;" />
            <Clean command="/usr/bin/make -f &quot;/home/emjay/Documents/school/2_ING/DP/coding/BlockEditor2_mmcontext/Makefile&quot;  VERBOSE=1 clean" />
            <DistClean command="/usr/bin/make -f &quot;/home/emjay/Documents/school/2_ING/DP/coding/BlockEditor2_mmcontext/Makefile&quot;  VERBOSE=1 clean" />
         </MakeCommands>
      </Target>
      <Target title="BlockEditor_unity_automoc">
         <Option working_dir="/home/emjay/Documents/school/2_ING/DP/coding/BlockEditor2_mmcontext" />
         <Option type="4" />
         <MakeCommands>
            <Build command="/usr/bin/make -f &quot;/home/emjay/Documents/school/2_ING/DP/coding/BlockEditor2_mmcontext/Makefile&quot;  VERBOSE=1 BlockEditor_unity_automoc" />
            <CompileFile command="/usr/bin/make -f &quot;/home/emjay/Documents/school/2_ING/DP/coding/BlockEditor2_mmcontext/Makefile&quot;  VERBOSE=1 &quot;$file&quot;" />
            <Clean command="/usr/bin/make -f &quot;/home/emjay/Documents/school/2_ING/DP/coding/BlockEditor2_mmcontext/Makefile&quot;  VERBOSE=1 clean" />
            <DistClean command="/usr/bin/make -f &quot;/home/emjay/Documents/school/2_ING/DP/coding/BlockEditor2_mmcontext/Makefile&quot;  VERBOSE=1 clean" />
         </MakeCommands>
      </Target>
      </Build>
      <Unit filename="/home/emjay/Documents/school/2_ING/DP/coding/BlockEditor2_mmcontext/include/highlighter.h">
         <Option target="BlockEditor_unity"/>
         <Option target="BlockEditor"/>
      </Unit>
      <Unit filename="/home/emjay/Documents/school/2_ING/DP/coding/BlockEditor2_mmcontext/include/item/abstractelement.h">
         <Option target="BlockEditor_unity"/>
         <Option target="BlockEditor"/>
      </Unit>
      <Unit filename="/home/emjay/Documents/school/2_ING/DP/coding/BlockEditor2_mmcontext/include/item/blankitem.h">
         <Option target="BlockEditor_unity"/>
         <Option target="BlockEditor"/>
      </Unit>
      <Unit filename="/home/emjay/Documents/school/2_ING/DP/coding/BlockEditor2_mmcontext/include/item/item.h">
         <Option target="BlockEditor_unity"/>
         <Option target="BlockEditor"/>
      </Unit>
      <Unit filename="/home/emjay/Documents/school/2_ING/DP/coding/BlockEditor2_mmcontext/include/item/layout.h">
         <Option target="BlockEditor_unity"/>
         <Option target="BlockEditor"/>
      </Unit>
      <Unit filename="/home/emjay/Documents/school/2_ING/DP/coding/BlockEditor2_mmcontext/include/item/textitem.h">
         <Option target="BlockEditor_unity"/>
         <Option target="BlockEditor"/>
      </Unit>
      <Unit filename="/home/emjay/Documents/school/2_ING/DP/coding/BlockEditor2_mmcontext/include/lineeditor.h">
         <Option target="BlockEditor_unity"/>
         <Option target="BlockEditor"/>
      </Unit>
      <Unit filename="/home/emjay/Documents/school/2_ING/DP/coding/BlockEditor2_mmcontext/include/main.h">
         <Option target="BlockEditor_unity"/>
         <Option target="BlockEditor"/>
      </Unit>
      <Unit filename="/home/emjay/Documents/school/2_ING/DP/coding/BlockEditor2_mmcontext/include/mainview.h">
         <Option target="BlockEditor_unity"/>
         <Option target="BlockEditor"/>
      </Unit>
      <Unit filename="/home/emjay/Documents/school/2_ING/DP/coding/BlockEditor2_mmcontext/include/mainwindow.h">
         <Option target="BlockEditor_unity"/>
         <Option target="BlockEditor"/>
      </Unit>
      <Unit filename="/home/emjay/Documents/school/2_ING/DP/coding/BlockEditor2_mmcontext/include/minimapview.h">
         <Option target="BlockEditor_unity"/>
         <Option target="BlockEditor"/>
      </Unit>
      <Unit filename="/home/emjay/Documents/school/2_ING/DP/coding/BlockEditor2_mmcontext/include/scene/blockscene.h">
         <Option target="BlockEditor_unity"/>
         <Option target="BlockEditor"/>
      </Unit>
      <Unit filename="/home/emjay/Documents/school/2_ING/DP/coding/BlockEditor2_mmcontext/include/scene/command/changemarkedcommand.h">
         <Option target="BlockEditor_unity"/>
         <Option target="BlockEditor"/>
      </Unit>
      <Unit filename="/home/emjay/Documents/school/2_ING/DP/coding/BlockEditor2_mmcontext/include/scene/command/command.h">
         <Option target="BlockEditor_unity"/>
         <Option target="BlockEditor"/>
      </Unit>
      <Unit filename="/home/emjay/Documents/school/2_ING/DP/coding/BlockEditor2_mmcontext/include/scene/command/cursormovecommand.h">
         <Option target="BlockEditor_unity"/>
         <Option target="BlockEditor"/>
      </Unit>
      <Unit filename="/home/emjay/Documents/school/2_ING/DP/coding/BlockEditor2_mmcontext/include/scene/command/dragelemententercommand.h">
         <Option target="BlockEditor_unity"/>
         <Option target="BlockEditor"/>
      </Unit>
      <Unit filename="/home/emjay/Documents/school/2_ING/DP/coding/BlockEditor2_mmcontext/include/scene/command/dragelementleavecommand.h">
         <Option target="BlockEditor_unity"/>
         <Option target="BlockEditor"/>
      </Unit>
      <Unit filename="/home/emjay/Documents/school/2_ING/DP/coding/BlockEditor2_mmcontext/include/scene/command/dropelementcommand.h">
         <Option target="BlockEditor_unity"/>
         <Option target="BlockEditor"/>
      </Unit>
      <Unit filename="/home/emjay/Documents/school/2_ING/DP/coding/BlockEditor2_mmcontext/include/scene/command/moveelementcommand.h">
         <Option target="BlockEditor_unity"/>
         <Option target="BlockEditor"/>
      </Unit>
      <Unit filename="/home/emjay/Documents/school/2_ING/DP/coding/BlockEditor2_mmcontext/include/scene/command/selectitemcommand.h">
         <Option target="BlockEditor_unity"/>
         <Option target="BlockEditor"/>
      </Unit>
      <Unit filename="/home/emjay/Documents/school/2_ING/DP/coding/BlockEditor2_mmcontext/include/scene/linenumbers.h">
         <Option target="BlockEditor_unity"/>
         <Option target="BlockEditor"/>
      </Unit>
      <Unit filename="/home/emjay/Documents/school/2_ING/DP/coding/BlockEditor2_mmcontext/include/scene/mimedata.h">
         <Option target="BlockEditor_unity"/>
         <Option target="BlockEditor"/>
      </Unit>
      <Unit filename="/home/emjay/Documents/school/2_ING/DP/coding/BlockEditor2_mmcontext/include/scene/parser.h">
         <Option target="BlockEditor_unity"/>
         <Option target="BlockEditor"/>
      </Unit>
      <Unit filename="/home/emjay/Documents/school/2_ING/DP/coding/BlockEditor2_mmcontext/include/scene/sceneeventobserver.h">
         <Option target="BlockEditor_unity"/>
         <Option target="BlockEditor"/>
      </Unit>
      <Unit filename="/home/emjay/Documents/school/2_ING/DP/coding/BlockEditor2_mmcontext/include/scene/scenestate.h">
         <Option target="BlockEditor_unity"/>
         <Option target="BlockEditor"/>
      </Unit>
      <Unit filename="/home/emjay/Documents/school/2_ING/DP/coding/BlockEditor2_mmcontext/include/style/style.h">
         <Option target="BlockEditor_unity"/>
         <Option target="BlockEditor"/>
      </Unit>
      <Unit filename="/home/emjay/Documents/school/2_ING/DP/coding/BlockEditor2_mmcontext/include/style/styleutil.h">
         <Option target="BlockEditor_unity"/>
         <Option target="BlockEditor"/>
      </Unit>
      <Unit filename="/home/emjay/Documents/school/2_ING/DP/coding/BlockEditor2_mmcontext/scripts/core.lua">
         <Option target="BlockEditor_unity"/>
         <Option target="BlockEditor"/>
      </Unit>
      <Unit filename="/home/emjay/Documents/school/2_ING/DP/coding/BlockEditor2_mmcontext/scripts/grammars/lua/grammar.lua">
         <Option target="BlockEditor_unity"/>
         <Option target="BlockEditor"/>
      </Unit>
      <Unit filename="/home/emjay/Documents/school/2_ING/DP/coding/BlockEditor2_mmcontext/scripts/grammars/lua/style fancy.lua">
         <Option target="BlockEditor_unity"/>
         <Option target="BlockEditor"/>
      </Unit>
      <Unit filename="/home/emjay/Documents/school/2_ING/DP/coding/BlockEditor2_mmcontext/scripts/grammars/lua/style normal.lua">
         <Option target="BlockEditor_unity"/>
         <Option target="BlockEditor"/>
      </Unit>
      <Unit filename="/home/emjay/Documents/school/2_ING/DP/coding/BlockEditor2_mmcontext/scripts/grammars/lua/style.lua">
         <Option target="BlockEditor_unity"/>
         <Option target="BlockEditor"/>
      </Unit>
      <Unit filename="/home/emjay/Documents/school/2_ING/DP/coding/BlockEditor2_mmcontext/scripts/grammars/lua/style_new.lua">
         <Option target="BlockEditor_unity"/>
         <Option target="BlockEditor"/>
      </Unit>
      <Unit filename="/home/emjay/Documents/school/2_ING/DP/coding/BlockEditor2_mmcontext/scripts/init.lua">
         <Option target="BlockEditor_unity"/>
         <Option target="BlockEditor"/>
      </Unit>
      <Unit filename="/home/emjay/Documents/school/2_ING/DP/coding/BlockEditor2_mmcontext/scripts/libs/lpeglj/LICENSE">
         <Option target="BlockEditor_unity"/>
         <Option target="BlockEditor"/>
      </Unit>
      <Unit filename="/home/emjay/Documents/school/2_ING/DP/coding/BlockEditor2_mmcontext/scripts/libs/lpeglj/README.md">
         <Option target="BlockEditor_unity"/>
         <Option target="BlockEditor"/>
      </Unit>
      <Unit filename="/home/emjay/Documents/school/2_ING/DP/coding/BlockEditor2_mmcontext/scripts/libs/lpeglj/init.lua">
         <Option target="BlockEditor_unity"/>
         <Option target="BlockEditor"/>
      </Unit>
      <Unit filename="/home/emjay/Documents/school/2_ING/DP/coding/BlockEditor2_mmcontext/scripts/libs/lpeglj/lpcap.lua">
         <Option target="BlockEditor_unity"/>
         <Option target="BlockEditor"/>
      </Unit>
      <Unit filename="/home/emjay/Documents/school/2_ING/DP/coding/BlockEditor2_mmcontext/scripts/libs/lpeglj/lpcode.lua">
         <Option target="BlockEditor_unity"/>
         <Option target="BlockEditor"/>
      </Unit>
      <Unit filename="/home/emjay/Documents/school/2_ING/DP/coding/BlockEditor2_mmcontext/scripts/libs/lpeglj/lpeglj.lua">
         <Option target="BlockEditor_unity"/>
         <Option target="BlockEditor"/>
      </Unit>
      <Unit filename="/home/emjay/Documents/school/2_ING/DP/coding/BlockEditor2_mmcontext/scripts/libs/lpeglj/lpprint.lua">
         <Option target="BlockEditor_unity"/>
         <Option target="BlockEditor"/>
      </Unit>
      <Unit filename="/home/emjay/Documents/school/2_ING/DP/coding/BlockEditor2_mmcontext/scripts/libs/lpeglj/lpvm.lua">
         <Option target="BlockEditor_unity"/>
         <Option target="BlockEditor"/>
      </Unit>
      <Unit filename="/home/emjay/Documents/school/2_ING/DP/coding/BlockEditor2_mmcontext/scripts/libs/lpeglj/re.lua">
         <Option target="BlockEditor_unity"/>
         <Option target="BlockEditor"/>
      </Unit>
      <Unit filename="/home/emjay/Documents/school/2_ING/DP/coding/BlockEditor2_mmcontext/scripts/libs/pl/Date.lua">
         <Option target="BlockEditor_unity"/>
         <Option target="BlockEditor"/>
      </Unit>
      <Unit filename="/home/emjay/Documents/school/2_ING/DP/coding/BlockEditor2_mmcontext/scripts/libs/pl/LICENSE.md">
         <Option target="BlockEditor_unity"/>
         <Option target="BlockEditor"/>
      </Unit>
      <Unit filename="/home/emjay/Documents/school/2_ING/DP/coding/BlockEditor2_mmcontext/scripts/libs/pl/List.lua">
         <Option target="BlockEditor_unity"/>
         <Option target="BlockEditor"/>
      </Unit>
      <Unit filename="/home/emjay/Documents/school/2_ING/DP/coding/BlockEditor2_mmcontext/scripts/libs/pl/Map.lua">
         <Option target="BlockEditor_unity"/>
         <Option target="BlockEditor"/>
      </Unit>
      <Unit filename="/home/emjay/Documents/school/2_ING/DP/coding/BlockEditor2_mmcontext/scripts/libs/pl/MultiMap.lua">
         <Option target="BlockEditor_unity"/>
         <Option target="BlockEditor"/>
      </Unit>
      <Unit filename="/home/emjay/Documents/school/2_ING/DP/coding/BlockEditor2_mmcontext/scripts/libs/pl/OrderedMap.lua">
         <Option target="BlockEditor_unity"/>
         <Option target="BlockEditor"/>
      </Unit>
      <Unit filename="/home/emjay/Documents/school/2_ING/DP/coding/BlockEditor2_mmcontext/scripts/libs/pl/README.md">
         <Option target="BlockEditor_unity"/>
         <Option target="BlockEditor"/>
      </Unit>
      <Unit filename="/home/emjay/Documents/school/2_ING/DP/coding/BlockEditor2_mmcontext/scripts/libs/pl/Set.lua">
         <Option target="BlockEditor_unity"/>
         <Option target="BlockEditor"/>
      </Unit>
      <Unit filename="/home/emjay/Documents/school/2_ING/DP/coding/BlockEditor2_mmcontext/scripts/libs/pl/app.lua">
         <Option target="BlockEditor_unity"/>
         <Option target="BlockEditor"/>
      </Unit>
      <Unit filename="/home/emjay/Documents/school/2_ING/DP/coding/BlockEditor2_mmcontext/scripts/libs/pl/array2d.lua">
         <Option target="BlockEditor_unity"/>
         <Option target="BlockEditor"/>
      </Unit>
      <Unit filename="/home/emjay/Documents/school/2_ING/DP/coding/BlockEditor2_mmcontext/scripts/libs/pl/class.lua">
         <Option target="BlockEditor_unity"/>
         <Option target="BlockEditor"/>
      </Unit>
      <Unit filename="/home/emjay/Documents/school/2_ING/DP/coding/BlockEditor2_mmcontext/scripts/libs/pl/compat.lua">
         <Option target="BlockEditor_unity"/>
         <Option target="BlockEditor"/>
      </Unit>
      <Unit filename="/home/emjay/Documents/school/2_ING/DP/coding/BlockEditor2_mmcontext/scripts/libs/pl/comprehension.lua">
         <Option target="BlockEditor_unity"/>
         <Option target="BlockEditor"/>
      </Unit>
      <Unit filename="/home/emjay/Documents/school/2_ING/DP/coding/BlockEditor2_mmcontext/scripts/libs/pl/config.lua">
         <Option target="BlockEditor_unity"/>
         <Option target="BlockEditor"/>
      </Unit>
      <Unit filename="/home/emjay/Documents/school/2_ING/DP/coding/BlockEditor2_mmcontext/scripts/libs/pl/data.lua">
         <Option target="BlockEditor_unity"/>
         <Option target="BlockEditor"/>
      </Unit>
      <Unit filename="/home/emjay/Documents/school/2_ING/DP/coding/BlockEditor2_mmcontext/scripts/libs/pl/dir.lua">
         <Option target="BlockEditor_unity"/>
         <Option target="BlockEditor"/>
      </Unit>
      <Unit filename="/home/emjay/Documents/school/2_ING/DP/coding/BlockEditor2_mmcontext/scripts/libs/pl/file.lua">
         <Option target="BlockEditor_unity"/>
         <Option target="BlockEditor"/>
      </Unit>
      <Unit filename="/home/emjay/Documents/school/2_ING/DP/coding/BlockEditor2_mmcontext/scripts/libs/pl/func.lua">
         <Option target="BlockEditor_unity"/>
         <Option target="BlockEditor"/>
      </Unit>
      <Unit filename="/home/emjay/Documents/school/2_ING/DP/coding/BlockEditor2_mmcontext/scripts/libs/pl/import_into.lua">
         <Option target="BlockEditor_unity"/>
         <Option target="BlockEditor"/>
      </Unit>
      <Unit filename="/home/emjay/Documents/school/2_ING/DP/coding/BlockEditor2_mmcontext/scripts/libs/pl/init.lua">
         <Option target="BlockEditor_unity"/>
         <Option target="BlockEditor"/>
      </Unit>
      <Unit filename="/home/emjay/Documents/school/2_ING/DP/coding/BlockEditor2_mmcontext/scripts/libs/pl/input.lua">
         <Option target="BlockEditor_unity"/>
         <Option target="BlockEditor"/>
      </Unit>
      <Unit filename="/home/emjay/Documents/school/2_ING/DP/coding/BlockEditor2_mmcontext/scripts/libs/pl/lapp.lua">
         <Option target="BlockEditor_unity"/>
         <Option target="BlockEditor"/>
      </Unit>
      <Unit filename="/home/emjay/Documents/school/2_ING/DP/coding/BlockEditor2_mmcontext/scripts/libs/pl/lexer.lua">
         <Option target="BlockEditor_unity"/>
         <Option target="BlockEditor"/>
      </Unit>
      <Unit filename="/home/emjay/Documents/school/2_ING/DP/coding/BlockEditor2_mmcontext/scripts/libs/pl/luabalanced.lua">
         <Option target="BlockEditor_unity"/>
         <Option target="BlockEditor"/>
      </Unit>
      <Unit filename="/home/emjay/Documents/school/2_ING/DP/coding/BlockEditor2_mmcontext/scripts/libs/pl/operator.lua">
         <Option target="BlockEditor_unity"/>
         <Option target="BlockEditor"/>
      </Unit>
      <Unit filename="/home/emjay/Documents/school/2_ING/DP/coding/BlockEditor2_mmcontext/scripts/libs/pl/path.lua">
         <Option target="BlockEditor_unity"/>
         <Option target="BlockEditor"/>
      </Unit>
      <Unit filename="/home/emjay/Documents/school/2_ING/DP/coding/BlockEditor2_mmcontext/scripts/libs/pl/permute.lua">
         <Option target="BlockEditor_unity"/>
         <Option target="BlockEditor"/>
      </Unit>
      <Unit filename="/home/emjay/Documents/school/2_ING/DP/coding/BlockEditor2_mmcontext/scripts/libs/pl/pretty.lua">
         <Option target="BlockEditor_unity"/>
         <Option target="BlockEditor"/>
      </Unit>
      <Unit filename="/home/emjay/Documents/school/2_ING/DP/coding/BlockEditor2_mmcontext/scripts/libs/pl/seq.lua">
         <Option target="BlockEditor_unity"/>
         <Option target="BlockEditor"/>
      </Unit>
      <Unit filename="/home/emjay/Documents/school/2_ING/DP/coding/BlockEditor2_mmcontext/scripts/libs/pl/sip.lua">
         <Option target="BlockEditor_unity"/>
         <Option target="BlockEditor"/>
      </Unit>
      <Unit filename="/home/emjay/Documents/school/2_ING/DP/coding/BlockEditor2_mmcontext/scripts/libs/pl/strict.lua">
         <Option target="BlockEditor_unity"/>
         <Option target="BlockEditor"/>
      </Unit>
      <Unit filename="/home/emjay/Documents/school/2_ING/DP/coding/BlockEditor2_mmcontext/scripts/libs/pl/stringio.lua">
         <Option target="BlockEditor_unity"/>
         <Option target="BlockEditor"/>
      </Unit>
      <Unit filename="/home/emjay/Documents/school/2_ING/DP/coding/BlockEditor2_mmcontext/scripts/libs/pl/stringx.lua">
         <Option target="BlockEditor_unity"/>
         <Option target="BlockEditor"/>
      </Unit>
      <Unit filename="/home/emjay/Documents/school/2_ING/DP/coding/BlockEditor2_mmcontext/scripts/libs/pl/tablex.lua">
         <Option target="BlockEditor_unity"/>
         <Option target="BlockEditor"/>
      </Unit>
      <Unit filename="/home/emjay/Documents/school/2_ING/DP/coding/BlockEditor2_mmcontext/scripts/libs/pl/template.lua">
         <Option target="BlockEditor_unity"/>
         <Option target="BlockEditor"/>
      </Unit>
      <Unit filename="/home/emjay/Documents/school/2_ING/DP/coding/BlockEditor2_mmcontext/scripts/libs/pl/test.lua">
         <Option target="BlockEditor_unity"/>
         <Option target="BlockEditor"/>
      </Unit>
      <Unit filename="/home/emjay/Documents/school/2_ING/DP/coding/BlockEditor2_mmcontext/scripts/libs/pl/text.lua">
         <Option target="BlockEditor_unity"/>
         <Option target="BlockEditor"/>
      </Unit>
      <Unit filename="/home/emjay/Documents/school/2_ING/DP/coding/BlockEditor2_mmcontext/scripts/libs/pl/types.lua">
         <Option target="BlockEditor_unity"/>
         <Option target="BlockEditor"/>
      </Unit>
      <Unit filename="/home/emjay/Documents/school/2_ING/DP/coding/BlockEditor2_mmcontext/scripts/libs/pl/utils.lua">
         <Option target="BlockEditor_unity"/>
         <Option target="BlockEditor"/>
      </Unit>
      <Unit filename="/home/emjay/Documents/school/2_ING/DP/coding/BlockEditor2_mmcontext/scripts/libs/pl/xml.lua">
         <Option target="BlockEditor_unity"/>
         <Option target="BlockEditor"/>
      </Unit>
      <Unit filename="/home/emjay/Documents/school/2_ING/DP/coding/BlockEditor2_mmcontext/scripts/parser.lua">
         <Option target="BlockEditor_unity"/>
         <Option target="BlockEditor"/>
      </Unit>
      <Unit filename="/home/emjay/Documents/school/2_ING/DP/coding/BlockEditor2_mmcontext/src/highlighter.cpp">
         <Option target="BlockEditor"/>
      </Unit>
      <Unit filename="/home/emjay/Documents/school/2_ING/DP/coding/BlockEditor2_mmcontext/src/item/abstractelement.cpp">
         <Option target="BlockEditor"/>
      </Unit>
      <Unit filename="/home/emjay/Documents/school/2_ING/DP/coding/BlockEditor2_mmcontext/src/item/blankItem.cpp">
         <Option target="BlockEditor"/>
      </Unit>
      <Unit filename="/home/emjay/Documents/school/2_ING/DP/coding/BlockEditor2_mmcontext/src/item/item.cpp">
         <Option target="BlockEditor"/>
      </Unit>
      <Unit filename="/home/emjay/Documents/school/2_ING/DP/coding/BlockEditor2_mmcontext/src/item/layout.cpp">
         <Option target="BlockEditor"/>
      </Unit>
      <Unit filename="/home/emjay/Documents/school/2_ING/DP/coding/BlockEditor2_mmcontext/src/item/textitem.cpp">
         <Option target="BlockEditor"/>
      </Unit>
      <Unit filename="/home/emjay/Documents/school/2_ING/DP/coding/BlockEditor2_mmcontext/src/lineeditor.cpp">
         <Option target="BlockEditor"/>
      </Unit>
      <Unit filename="/home/emjay/Documents/school/2_ING/DP/coding/BlockEditor2_mmcontext/src/main.cpp">
         <Option target="BlockEditor"/>
      </Unit>
      <Unit filename="/home/emjay/Documents/school/2_ING/DP/coding/BlockEditor2_mmcontext/src/mainview.cpp">
         <Option target="BlockEditor"/>
      </Unit>
      <Unit filename="/home/emjay/Documents/school/2_ING/DP/coding/BlockEditor2_mmcontext/src/mainwindow.cpp">
         <Option target="BlockEditor"/>
      </Unit>
      <Unit filename="/home/emjay/Documents/school/2_ING/DP/coding/BlockEditor2_mmcontext/src/minimapview.cpp">
         <Option target="BlockEditor"/>
      </Unit>
      <Unit filename="/home/emjay/Documents/school/2_ING/DP/coding/BlockEditor2_mmcontext/src/scene/blockscene.cpp">
         <Option target="BlockEditor"/>
      </Unit>
      <Unit filename="/home/emjay/Documents/school/2_ING/DP/coding/BlockEditor2_mmcontext/src/scene/command/changemarkedcommand.cpp">
         <Option target="BlockEditor"/>
      </Unit>
      <Unit filename="/home/emjay/Documents/school/2_ING/DP/coding/BlockEditor2_mmcontext/src/scene/command/command.cpp">
         <Option target="BlockEditor"/>
      </Unit>
      <Unit filename="/home/emjay/Documents/school/2_ING/DP/coding/BlockEditor2_mmcontext/src/scene/command/cursormovecommand.cpp">
         <Option target="BlockEditor"/>
      </Unit>
      <Unit filename="/home/emjay/Documents/school/2_ING/DP/coding/BlockEditor2_mmcontext/src/scene/command/dragelemententercommand.cpp">
         <Option target="BlockEditor"/>
      </Unit>
      <Unit filename="/home/emjay/Documents/school/2_ING/DP/coding/BlockEditor2_mmcontext/src/scene/command/dragelementleavecommand.cpp">
         <Option target="BlockEditor"/>
      </Unit>
      <Unit filename="/home/emjay/Documents/school/2_ING/DP/coding/BlockEditor2_mmcontext/src/scene/command/dropelementcommand.cpp">
         <Option target="BlockEditor"/>
      </Unit>
      <Unit filename="/home/emjay/Documents/school/2_ING/DP/coding/BlockEditor2_mmcontext/src/scene/command/moveelementcommand.cpp">
         <Option target="BlockEditor"/>
      </Unit>
      <Unit filename="/home/emjay/Documents/school/2_ING/DP/coding/BlockEditor2_mmcontext/src/scene/command/selectitemcommand.cpp">
         <Option target="BlockEditor"/>
      </Unit>
      <Unit filename="/home/emjay/Documents/school/2_ING/DP/coding/BlockEditor2_mmcontext/src/scene/linenumbers.cpp">
         <Option target="BlockEditor"/>
      </Unit>
      <Unit filename="/home/emjay/Documents/school/2_ING/DP/coding/BlockEditor2_mmcontext/src/scene/mimedata.cpp">
         <Option target="BlockEditor"/>
      </Unit>
      <Unit filename="/home/emjay/Documents/school/2_ING/DP/coding/BlockEditor2_mmcontext/src/scene/parser.cpp">
         <Option target="BlockEditor"/>
      </Unit>
      <Unit filename="/home/emjay/Documents/school/2_ING/DP/coding/BlockEditor2_mmcontext/src/scene/sceneeventobserver.cpp">
         <Option target="BlockEditor"/>
      </Unit>
      <Unit filename="/home/emjay/Documents/school/2_ING/DP/coding/BlockEditor2_mmcontext/src/scene/scenestate.cpp">
         <Option target="BlockEditor"/>
      </Unit>
      <Unit filename="/home/emjay/Documents/school/2_ING/DP/coding/BlockEditor2_mmcontext/src/style/style.cpp">
         <Option target="BlockEditor"/>
      </Unit>
      <Unit filename="/home/emjay/Documents/school/2_ING/DP/coding/BlockEditor2_mmcontext/src/style/styleutil.cpp">
         <Option target="BlockEditor"/>
      </Unit>
      <Unit filename="/home/emjay/Documents/school/2_ING/DP/coding/BlockEditor2_mmcontext/CMakeLists.txt">
          <Option virtualFolder="CMake Files\" />
      </Unit>
      <Unit filename="/home/emjay/Documents/school/2_ING/DP/coding/BlockEditor2_mmcontext/BlockEditor_CXX_cotire.cmake">
          <Option virtualFolder="CMake Files\" />
      </Unit>
      <Unit filename="/home/emjay/Documents/school/2_ING/DP/coding/BlockEditor2_mmcontext/CMake/cotire.cmake">
          <Option virtualFolder="CMake Files\CMake\" />
      </Unit>
      <Unit filename="/home/emjay/Documents/school/2_ING/DP/coding/BlockEditor2_mmcontext/CMake/FindLuaJIT.cmake">
          <Option virtualFolder="CMake Files\CMake\" />
      </Unit>
      <Unit filename="/home/emjay/Documents/school/2_ING/DP/coding/BlockEditor2_mmcontext/../../../../../../../../usr/lib64/cmake/Qt5Widgets/Qt5WidgetsConfigVersion.cmake">
          <Option virtualFolder="CMake Files\..\..\..\..\..\..\..\..\usr\lib64\cmake\Qt5Widgets\" />
      </Unit>
      <Unit filename="/home/emjay/Documents/school/2_ING/DP/coding/BlockEditor2_mmcontext/../../../../../../../../usr/lib64/cmake/Qt5Widgets/Qt5WidgetsConfig.cmake">
          <Option virtualFolder="CMake Files\..\..\..\..\..\..\..\..\usr\lib64\cmake\Qt5Widgets\" />
      </Unit>
      <Unit filename="/home/emjay/Documents/school/2_ING/DP/coding/BlockEditor2_mmcontext/../../../../../../../../usr/lib64/cmake/Qt5Widgets/Qt5WidgetsConfigExtras.cmake">
          <Option virtualFolder="CMake Files\..\..\..\..\..\..\..\..\usr\lib64\cmake\Qt5Widgets\" />
      </Unit>
      <Unit filename="/home/emjay/Documents/school/2_ING/DP/coding/BlockEditor2_mmcontext/../../../../../../../../usr/lib64/cmake/Qt5Widgets/Qt5WidgetsMacros.cmake">
          <Option virtualFolder="CMake Files\..\..\..\..\..\..\..\..\usr\lib64\cmake\Qt5Widgets\" />
      </Unit>
      <Unit filename="/home/emjay/Documents/school/2_ING/DP/coding/BlockEditor2_mmcontext/../../../../../../../../usr/lib64/cmake/Qt5Gui/Qt5GuiConfigVersion.cmake">
          <Option virtualFolder="CMake Files\..\..\..\..\..\..\..\..\usr\lib64\cmake\Qt5Gui\" />
      </Unit>
      <Unit filename="/home/emjay/Documents/school/2_ING/DP/coding/BlockEditor2_mmcontext/../../../../../../../../usr/lib64/cmake/Qt5Gui/Qt5GuiConfig.cmake">
          <Option virtualFolder="CMake Files\..\..\..\..\..\..\..\..\usr\lib64\cmake\Qt5Gui\" />
      </Unit>
      <Unit filename="/home/emjay/Documents/school/2_ING/DP/coding/BlockEditor2_mmcontext/../../../../../../../../usr/lib64/cmake/Qt5Gui/Qt5Gui_QEvdevMousePlugin.cmake">
          <Option virtualFolder="CMake Files\..\..\..\..\..\..\..\..\usr\lib64\cmake\Qt5Gui\" />
      </Unit>
      <Unit filename="/home/emjay/Documents/school/2_ING/DP/coding/BlockEditor2_mmcontext/../../../../../../../../usr/lib64/cmake/Qt5Gui/Qt5Gui_QJpegPlugin.cmake">
          <Option virtualFolder="CMake Files\..\..\..\..\..\..\..\..\usr\lib64\cmake\Qt5Gui\" />
      </Unit>
      <Unit filename="/home/emjay/Documents/school/2_ING/DP/coding/BlockEditor2_mmcontext/../../../../../../../../usr/lib64/cmake/Qt5Gui/Qt5Gui_QMinimalIntegrationPlugin.cmake">
          <Option virtualFolder="CMake Files\..\..\..\..\..\..\..\..\usr\lib64\cmake\Qt5Gui\" />
      </Unit>
      <Unit filename="/home/emjay/Documents/school/2_ING/DP/coding/BlockEditor2_mmcontext/../../../../../../../../usr/lib64/cmake/Qt5Gui/Qt5Gui_QOffscreenIntegrationPlugin.cmake">
          <Option virtualFolder="CMake Files\..\..\..\..\..\..\..\..\usr\lib64\cmake\Qt5Gui\" />
      </Unit>
      <Unit filename="/home/emjay/Documents/school/2_ING/DP/coding/BlockEditor2_mmcontext/../../../../../../../../usr/lib64/cmake/Qt5Gui/Qt5Gui_QComposePlatformInputContextPlugin.cmake">
          <Option virtualFolder="CMake Files\..\..\..\..\..\..\..\..\usr\lib64\cmake\Qt5Gui\" />
      </Unit>
      <Unit filename="/home/emjay/Documents/school/2_ING/DP/coding/BlockEditor2_mmcontext/../../../../../../../../usr/lib64/cmake/Qt5Gui/Qt5Gui_QGtk2ThemePlugin.cmake">
          <Option virtualFolder="CMake Files\..\..\..\..\..\..\..\..\usr\lib64\cmake\Qt5Gui\" />
      </Unit>
      <Unit filename="/home/emjay/Documents/school/2_ING/DP/coding/BlockEditor2_mmcontext/../../../../../../../../usr/lib64/cmake/Qt5Gui/Qt5Gui_QIbusPlatformInputContextPlugin.cmake">
          <Option virtualFolder="CMake Files\..\..\..\..\..\..\..\..\usr\lib64\cmake\Qt5Gui\" />
      </Unit>
      <Unit filename="/home/emjay/Documents/school/2_ING/DP/coding/BlockEditor2_mmcontext/../../../../../../../../usr/lib64/cmake/Qt5Gui/Qt5Gui_QGifPlugin.cmake">
          <Option virtualFolder="CMake Files\..\..\..\..\..\..\..\..\usr\lib64\cmake\Qt5Gui\" />
      </Unit>
      <Unit filename="/home/emjay/Documents/school/2_ING/DP/coding/BlockEditor2_mmcontext/../../../../../../../../usr/lib64/cmake/Qt5Gui/Qt5Gui_QEvdevTouchScreenPlugin.cmake">
          <Option virtualFolder="CMake Files\..\..\..\..\..\..\..\..\usr\lib64\cmake\Qt5Gui\" />
      </Unit>
      <Unit filename="/home/emjay/Documents/school/2_ING/DP/coding/BlockEditor2_mmcontext/../../../../../../../../usr/lib64/cmake/Qt5Gui/Qt5Gui_QEvdevKeyboardPlugin.cmake">
          <Option virtualFolder="CMake Files\..\..\..\..\..\..\..\..\usr\lib64\cmake\Qt5Gui\" />
      </Unit>
      <Unit filename="/home/emjay/Documents/school/2_ING/DP/coding/BlockEditor2_mmcontext/../../../../../../../../usr/lib64/cmake/Qt5Gui/Qt5Gui_QEvdevTabletPlugin.cmake">
          <Option virtualFolder="CMake Files\..\..\..\..\..\..\..\..\usr\lib64\cmake\Qt5Gui\" />
      </Unit>
      <Unit filename="/home/emjay/Documents/school/2_ING/DP/coding/BlockEditor2_mmcontext/../../../../../../../../usr/lib64/cmake/Qt5Gui/Qt5Gui_QMinimalEglIntegrationPlugin.cmake">
          <Option virtualFolder="CMake Files\..\..\..\..\..\..\..\..\usr\lib64\cmake\Qt5Gui\" />
      </Unit>
      <Unit filename="/home/emjay/Documents/school/2_ING/DP/coding/BlockEditor2_mmcontext/../../../../../../../../usr/lib64/cmake/Qt5Gui/Qt5Gui_QLinuxFbIntegrationPlugin.cmake">
          <Option virtualFolder="CMake Files\..\..\..\..\..\..\..\..\usr\lib64\cmake\Qt5Gui\" />
      </Unit>
      <Unit filename="/home/emjay/Documents/school/2_ING/DP/coding/BlockEditor2_mmcontext/../../../../../../../../usr/lib64/cmake/Qt5Gui/Qt5Gui_QTuioTouchPlugin.cmake">
          <Option virtualFolder="CMake Files\..\..\..\..\..\..\..\..\usr\lib64\cmake\Qt5Gui\" />
      </Unit>
      <Unit filename="/home/emjay/Documents/school/2_ING/DP/coding/BlockEditor2_mmcontext/../../../../../../../../usr/lib64/cmake/Qt5Gui/Qt5Gui_QICOPlugin.cmake">
          <Option virtualFolder="CMake Files\..\..\..\..\..\..\..\..\usr\lib64\cmake\Qt5Gui\" />
      </Unit>
      <Unit filename="/home/emjay/Documents/school/2_ING/DP/coding/BlockEditor2_mmcontext/../../../../../../../../usr/lib64/cmake/Qt5Gui/Qt5Gui_QLibInputPlugin.cmake">
          <Option virtualFolder="CMake Files\..\..\..\..\..\..\..\..\usr\lib64\cmake\Qt5Gui\" />
      </Unit>
      <Unit filename="/home/emjay/Documents/school/2_ING/DP/coding/BlockEditor2_mmcontext/../../../../../../../../usr/lib64/cmake/Qt5Gui/Qt5Gui_QEglFSIntegrationPlugin.cmake">
          <Option virtualFolder="CMake Files\..\..\..\..\..\..\..\..\usr\lib64\cmake\Qt5Gui\" />
      </Unit>
      <Unit filename="/home/emjay/Documents/school/2_ING/DP/coding/BlockEditor2_mmcontext/../../../../../../../../usr/lib64/cmake/Qt5Gui/Qt5Gui_QXcbIntegrationPlugin.cmake">
          <Option virtualFolder="CMake Files\..\..\..\..\..\..\..\..\usr\lib64\cmake\Qt5Gui\" />
      </Unit>
      <Unit filename="/home/emjay/Documents/school/2_ING/DP/coding/BlockEditor2_mmcontext/../../../../../../../../usr/lib64/cmake/Qt5Gui/Qt5Gui_QEglFSX11IntegrationPlugin.cmake">
          <Option virtualFolder="CMake Files\..\..\..\..\..\..\..\..\usr\lib64\cmake\Qt5Gui\" />
      </Unit>
      <Unit filename="/home/emjay/Documents/school/2_ING/DP/coding/BlockEditor2_mmcontext/../../../../../../../../usr/lib64/cmake/Qt5Gui/Qt5Gui_QEglFSKmsIntegrationPlugin.cmake">
          <Option virtualFolder="CMake Files\..\..\..\..\..\..\..\..\usr\lib64\cmake\Qt5Gui\" />
      </Unit>
      <Unit filename="/home/emjay/Documents/school/2_ING/DP/coding/BlockEditor2_mmcontext/../../../../../../../../usr/lib64/cmake/Qt5Gui/Qt5Gui_QXcbGlxIntegrationPlugin.cmake">
          <Option virtualFolder="CMake Files\..\..\..\..\..\..\..\..\usr\lib64\cmake\Qt5Gui\" />
      </Unit>
      <Unit filename="/home/emjay/Documents/school/2_ING/DP/coding/BlockEditor2_mmcontext/../../../../../../../../usr/lib64/cmake/Qt5Gui/Qt5Gui_QXcbEglIntegrationPlugin.cmake">
          <Option virtualFolder="CMake Files\..\..\..\..\..\..\..\..\usr\lib64\cmake\Qt5Gui\" />
      </Unit>
      <Unit filename="/home/emjay/Documents/school/2_ING/DP/coding/BlockEditor2_mmcontext/../../../../../../../../usr/lib64/cmake/Qt5Gui/Qt5GuiConfigExtras.cmake">
          <Option virtualFolder="CMake Files\..\..\..\..\..\..\..\..\usr\lib64\cmake\Qt5Gui\" />
      </Unit>
      <Unit filename="/home/emjay/Documents/school/2_ING/DP/coding/BlockEditor2_mmcontext/../../../../../../../../usr/lib64/cmake/Qt5Core/Qt5CoreConfigVersion.cmake">
          <Option virtualFolder="CMake Files\..\..\..\..\..\..\..\..\usr\lib64\cmake\Qt5Core\" />
      </Unit>
      <Unit filename="/home/emjay/Documents/school/2_ING/DP/coding/BlockEditor2_mmcontext/../../../../../../../../usr/lib64/cmake/Qt5Core/Qt5CoreConfig.cmake">
          <Option virtualFolder="CMake Files\..\..\..\..\..\..\..\..\usr\lib64\cmake\Qt5Core\" />
      </Unit>
      <Unit filename="/home/emjay/Documents/school/2_ING/DP/coding/BlockEditor2_mmcontext/../../../../../../../../usr/lib64/cmake/Qt5Core/Qt5CoreConfigExtras.cmake">
          <Option virtualFolder="CMake Files\..\..\..\..\..\..\..\..\usr\lib64\cmake\Qt5Core\" />
      </Unit>
      <Unit filename="/home/emjay/Documents/school/2_ING/DP/coding/BlockEditor2_mmcontext/../../../../../../../../usr/lib64/cmake/Qt5Core/Qt5CoreConfigExtrasMkspecDir.cmake">
          <Option virtualFolder="CMake Files\..\..\..\..\..\..\..\..\usr\lib64\cmake\Qt5Core\" />
      </Unit>
      <Unit filename="/home/emjay/Documents/school/2_ING/DP/coding/BlockEditor2_mmcontext/../../../../../../../../usr/lib64/cmake/Qt5Core/Qt5CoreMacros.cmake">
          <Option virtualFolder="CMake Files\..\..\..\..\..\..\..\..\usr\lib64\cmake\Qt5Core\" />
      </Unit>
   </Project>
</CodeBlocks_project_file>
